
Microsoft Visual Studio Solution File, Format Version 12.00
# Visual Studio Version 17
VisualStudioVersion = 17.0.31903.59
MinimumVisualStudioVersion = 10.0.40219.1
Project("{9A19103F-16F7-4668-BE54-9A1E7A4F7556}") = "WeatherApp", "WeatherApp.csproj", "{658F31BC-820D-490F-A8C2-5ACBB2AFDAAA}"
EndProject
Project("{FAE04EC0-301F-11D3-BF4B-00C04F79EFBC}") = "ServiceContracts", "..\ServiceContracts\ServiceContracts.csproj", "{3ED987A3-E7BC-462D-AA80-D855A3F73213}"
EndProject
Project("{FAE04EC0-301F-11D3-BF4B-00C04F79EFBC}") = "Services", "..\Services\Services.csproj", "{6A11F110-7F87-40B9-96A0-E89FC88A2DD6}"
EndProject
Project("{FAE04EC0-301F-11D3-BF4B-00C04F79EFBC}") = "Models", "..\Models\Models.csproj", "{C254FF5D-D6AE-413B-845A-47AF21CF263E}"
EndProject
Global
	GlobalSection(SolutionConfigurationPlatforms) = preSolution
		Debug|Any CPU = Debug|Any CPU
		Release|Any CPU = Release|Any CPU
	EndGlobalSection
	GlobalSection(ProjectConfigurationPlatforms) = postSolution
		{658F31BC-820D-490F-A8C2-5ACBB2AFDAAA}.Debug|Any CPU.ActiveCfg = Debug|Any CPU
		{658F31BC-820D-490F-A8C2-5ACBB2AFDAAA}.Debug|Any CPU.Build.0 = Debug|Any CPU
		{658F31BC-820D-490F-A8C2-5ACBB2AFDAAA}.Release|Any CPU.ActiveCfg = Release|Any CPU
		{658F31BC-820D-490F-A8C2-5ACBB2AFDAAA}.Release|Any CPU.Build.0 = Release|Any CPU
		{3ED987A3-E7BC-462D-AA80-D855A3F73213}.Debug|Any CPU.ActiveCfg = Debug|Any CPU
		{3ED987A3-E7BC-462D-AA80-D855A3F73213}.Debug|Any CPU.Build.0 = Debug|Any CPU
		{3ED987A3-E7BC-462D-AA80-D855A3F73213}.Release|Any CPU.ActiveCfg = Release|Any CPU
		{3ED987A3-E7BC-462D-AA80-D855A3F73213}.Release|Any CPU.Build.0 = Release|Any CPU
		{6A11F110-7F87-40B9-96A0-E89FC88A2DD6}.Debug|Any CPU.ActiveCfg = Debug|Any CPU
		{6A11F110-7F87-40B9-96A0-E89FC88A2DD6}.Debug|Any CPU.Build.0 = Debug|Any CPU
		{6A11F110-7F87-40B9-96A0-E89FC88A2DD6}.Release|Any CPU.ActiveCfg = Release|Any CPU
		{6A11F110-7F87-40B9-96A0-E89FC88A2DD6}.Release|Any CPU.Build.0 = Release|Any CPU
		{C254FF5D-D6AE-413B-845A-47AF21CF263E}.Debug|Any CPU.ActiveCfg = Debug|Any CPU
		{C254FF5D-D6AE-413B-845A-47AF21CF263E}.Debug|Any CPU.Build.0 = Debug|Any CPU
		{C254FF5D-D6AE-413B-845A-47AF21CF263E}.Release|Any CPU.ActiveCfg = Release|Any CPU
		{C254FF5D-D6AE-413B-845A-47AF21CF263E}.Release|Any CPU.Build.0 = Release|Any CPU
	EndGlobalSection
	GlobalSection(SolutionProperties) = preSolution
		HideSolutionNode = FALSE
	EndGlobalSection
	GlobalSection(ExtensibilityGlobals) = postSolution
		SolutionGuid = {AFF3EFF6-6456-4FCB-9861-224E1CA7A002}
	EndGlobalSection
EndGlobal
